// !$*UTF8*$!
{
	archiveVersion = 1;
	classes = {
	};
	objectVersion = 50;
	objects = {

/* Begin PBXBuildFile section */
		672210CB2340BFFB006FC7B9 /* OnekitWX_java.framework in Frameworks */ = {isa = PBXBuildFile; fileRef = 672210CA2340BFFB006FC7B9 /* OnekitWX_java.framework */; };
		672210CC2340BFFB006FC7B9 /* OnekitWX_java.framework in Embed Frameworks */ = {isa = PBXBuildFile; fileRef = 672210CA2340BFFB006FC7B9 /* OnekitWX_java.framework */; settings = {ATTRIBUTES = (CodeSignOnCopy, RemoveHeadersOnCopy, ); }; };
		6755A157233DF85E00FCD88E /* OnekitWX_w3c.h in Headers */ = {isa = PBXBuildFile; fileRef = 6755A155233DF85E00FCD88E /* OnekitWX_w3c.h */; settings = {ATTRIBUTES = (Public, ); }; };
		6755A15E233DF87300FCD88E /* org_w3c_dom_Document.swift in Sources */ = {isa = PBXBuildFile; fileRef = 6755A15D233DF87300FCD88E /* org_w3c_dom_Document.swift */; };
		6755A160233DF88700FCD88E /* org_w3c_dom_Element.swift in Sources */ = {isa = PBXBuildFile; fileRef = 6755A15F233DF88700FCD88E /* org_w3c_dom_Element.swift */; };
		6755A162233DF8A000FCD88E /* org_w3c_dom_NodeList.swift in Sources */ = {isa = PBXBuildFile; fileRef = 6755A161233DF8A000FCD88E /* org_w3c_dom_NodeList.swift */; };
		6755A164233DF91700FCD88E /* org_xml_sax_SAXException.swift in Sources */ = {isa = PBXBuildFile; fileRef = 6755A163233DF91700FCD88E /* org_xml_sax_SAXException.swift */; };
		678754B52341CD0C0075157E /* org_w3c_dom_Node.swift in Sources */ = {isa = PBXBuildFile; fileRef = 678754B42341CD0C0075157E /* org_w3c_dom_Node.swift */; };
/* End PBXBuildFile section */

/* Begin PBXCopyFilesBuildPhase section */
		672210CD2340BFFB006FC7B9 /* Embed Frameworks */ = {
			isa = PBXCopyFilesBuildPhase;
			buildActionMask = 2147483647;
			dstPath = "";
			dstSubfolderSpec = 10;
			files = (
				672210CC2340BFFB006FC7B9 /* OnekitWX_java.framework in Embed Frameworks */,
			);
			name = "Embed Frameworks";
			runOnlyForDeploymentPostprocessing = 0;
		};
/* End PBXCopyFilesBuildPhase section */

/* Begin PBXFileReference section */
		672210CA2340BFFB006FC7B9 /* OnekitWX_java.framework */ = {isa = PBXFileReference; explicitFileType = wrapper.framework; path = OnekitWX_java.framework; sourceTree = BUILT_PRODUCTS_DIR; };
		6755A152233DF85E00FCD88E /* OnekitWX_w3c.framework */ = {isa = PBXFileReference; explicitFileType = wrapper.framework; includeInIndex = 0; path = OnekitWX_w3c.framework; sourceTree = BUILT_PRODUCTS_DIR; };
		6755A155233DF85E00FCD88E /* OnekitWX_w3c.h */ = {isa = PBXFileReference; lastKnownFileType = sourcecode.c.h; path = OnekitWX_w3c.h; sourceTree = "<group>"; };
		6755A156233DF85E00FCD88E /* Info.plist */ = {isa = PBXFileReference; lastKnownFileType = text.plist.xml; path = Info.plist; sourceTree = "<group>"; };
		6755A15D233DF87300FCD88E /* org_w3c_dom_Document.swift */ = {isa = PBXFileReference; lastKnownFileType = sourcecode.swift; path = org_w3c_dom_Document.swift; sourceTree = "<group>"; };
		6755A15F233DF88700FCD88E /* org_w3c_dom_Element.swift */ = {isa = PBXFileReference; lastKnownFileType = sourcecode.swift; path = org_w3c_dom_Element.swift; sourceTree = "<group>"; };
		6755A161233DF8A000FCD88E /* org_w3c_dom_NodeList.swift */ = {isa = PBXFileReference; lastKnownFileType = sourcecode.swift; path = org_w3c_dom_NodeList.swift; sourceTree = "<group>"; };
		6755A163233DF91700FCD88E /* org_xml_sax_SAXException.swift */ = {isa = PBXFileReference; lastKnownFileType = sourcecode.swift; path = org_xml_sax_SAXException.swift; sourceTree = "<group>"; };
		678754B42341CD0C0075157E /* org_w3c_dom_Node.swift */ = {isa = PBXFileReference; lastKnownFileType = sourcecode.swift; path = org_w3c_dom_Node.swift; sourceTree = "<group>"; };
/* End PBXFileReference section */

/* Begin PBXFrameworksBuildPhase section */
		6755A14F233DF85E00FCD88E /* Frameworks */ = {
			isa = PBXFrameworksBuildPhase;
			buildActionMask = 2147483647;
			files = (
				672210CB2340BFFB006FC7B9 /* OnekitWX_java.framework in Frameworks */,
			);
			runOnlyForDeploymentPostprocessing = 0;
		};
/* End PBXFrameworksBuildPhase section */

/* Begin PBXGroup section */
		672210C92340BFFB006FC7B9 /* Frameworks */ = {
			isa = PBXGroup;
			children = (
				672210CA2340BFFB006FC7B9 /* OnekitWX_java.framework */,
			);
			name = Frameworks;
			sourceTree = "<group>";
		};
		6755A148233DF85E00FCD88E = {
			isa = PBXGroup;
			children = (
				6755A154233DF85E00FCD88E /* OnekitWX_w3c */,
				6755A153233DF85E00FCD88E /* Products */,
				672210C92340BFFB006FC7B9 /* Frameworks */,
			);
			sourceTree = "<group>";
		};
		6755A153233DF85E00FCD88E /* Products */ = {
			isa = PBXGroup;
			children = (
				6755A152233DF85E00FCD88E /* OnekitWX_w3c.framework */,
			);
			name = Products;
			sourceTree = "<group>";
		};
		6755A154233DF85E00FCD88E /* OnekitWX_w3c */ = {
			isa = PBXGroup;
			children = (
				6755A155233DF85E00FCD88E /* OnekitWX_w3c.h */,
				6755A156233DF85E00FCD88E /* Info.plist */,
				6755A15D233DF87300FCD88E /* org_w3c_dom_Document.swift */,
				6755A15F233DF88700FCD88E /* org_w3c_dom_Element.swift */,
				6755A161233DF8A000FCD88E /* org_w3c_dom_NodeList.swift */,
				6755A163233DF91700FCD88E /* org_xml_sax_SAXException.swift */,
				678754B42341CD0C0075157E /* org_w3c_dom_Node.swift */,
			);
			path = OnekitWX_w3c;
			sourceTree = "<group>";
		};
/* End PBXGroup section */

/* Begin PBXHeadersBuildPhase section */
		6755A14D233DF85E00FCD88E /* Headers */ = {
			isa = PBXHeadersBuildPhase;
			buildActionMask = 2147483647;
			files = (
				6755A157233DF85E00FCD88E /* OnekitWX_w3c.h in Headers */,
			);
			runOnlyForDeploymentPostprocessing = 0;
		};
/* End PBXHeadersBuildPhase section */

/* Begin PBXNativeTarget section */
		6755A151233DF85E00FCD88E /* OnekitWX_w3c */ = {
			isa = PBXNativeTarget;
			buildConfigurationList = 6755A15A233DF85E00FCD88E /* Build configuration list for PBXNativeTarget "OnekitWX_w3c" */;
			buildPhases = (
				6755A14D233DF85E00FCD88E /* Headers */,
				6755A14E233DF85E00FCD88E /* Sources */,
				6755A14F233DF85E00FCD88E /* Frameworks */,
				6755A150233DF85E00FCD88E /* Resources */,
				672210CD2340BFFB006FC7B9 /* Embed Frameworks */,
			);
			buildRules = (
			);
			dependencies = (
			);
			name = OnekitWX_w3c;
			productName = OnekitWX_w3c;
			productReference = 6755A152233DF85E00FCD88E /* OnekitWX_w3c.framework */;
			productType = "com.apple.product-type.framework";
		};
/* End PBXNativeTarget section */

/* Begin PBXProject section */
		6755A149233DF85E00FCD88E /* Project object */ = {
			isa = PBXProject;
			attributes = {
				LastUpgradeCheck = 1100;
				ORGANIZATIONNAME = onekitwx.com;
				TargetAttributes = {
					6755A151233DF85E00FCD88E = {
						CreatedOnToolsVersion = 11.0;
						LastSwiftMigration = 1100;
					};
				};
			};
			buildConfigurationList = 6755A14C233DF85E00FCD88E /* Build configuration list for PBXProject "OnekitWX_w3c" */;
			compatibilityVersion = "Xcode 9.3";
			developmentRegion = en;
			hasScannedForEncodings = 0;
			knownRegions = (
				en,
				Base,
			);
			mainGroup = 6755A148233DF85E00FCD88E;
			productRefGroup = 6755A153233DF85E00FCD88E /* Products */;
			projectDirPath = "";
			projectRoot = "";
			targets = (
				6755A151233DF85E00FCD88E /* OnekitWX_w3c */,
			);
		};
/* End PBXProject section */

/* Begin PBXResourcesBuildPhase section */
		6755A150233DF85E00FCD88E /* Resources */ = {
			isa = PBXResourcesBuildPhase;
			buildActionMask = 2147483647;
			files = (
			);
			runOnlyForDeploymentPostprocessing = 0;
		};
/* End PBXResourcesBuildPhase section */

/* Begin PBXSourcesBuildPhase section */
		6755A14E233DF85E00FCD88E /* Sources */ = {
			isa = PBXSourcesBuildPhase;
			buildActionMask = 2147483647;
			files = (
				678754B52341CD0C0075157E /* org_w3c_dom_Node.swift in Sources */,
				6755A160233DF88700FCD88E /* org_w3c_dom_Element.swift in Sources */,
				6755A15E233DF87300FCD88E /* org_w3c_dom_Document.swift in Sources */,
				6755A164233DF91700FCD88E /* org_xml_sax_SAXException.swift in Sources */,
				6755A162233DF8A000FCD88E /* org_w3c_dom_NodeList.swift in Sources */,
			);
			runOnlyForDeploymentPostprocessing = 0;
		};
/* End PBXSourcesBuildPhase section */

/* Begin XCBuildConfiguration section */
		6755A158233DF85E00FCD88E /* Debug */ = {
			isa = XCBuildConfiguration;
			buildSettings = {
				ALWAYS_SEARCH_USER_PATHS = NO;
				CLANG_ANALYZER_NONNULL = YES;
				CLANG_ANALYZER_NUMBER_OBJECT_CONVERSION = YES_AGGRESSIVE;
				CLANG_CXX_LANGUAGE_STANDARD = "gnu++14";
				CLANG_CXX_LIBRARY = "libc++";
				CLANG_ENABLE_MODULES = YES;
				CLANG_ENABLE_OBJC_ARC = YES;
				CLANG_ENABLE_OBJC_WEAK = YES;
				CLANG_WARN_BLOCK_CAPTURE_AUTORELEASING = YES;
				CLANG_WARN_BOOL_CONVERSION = YES;
				CLANG_WARN_COMMA = YES;
				CLANG_WARN_CONSTANT_CONVERSION = YES;
				CLANG_WARN_DEPRECATED_OBJC_IMPLEMENTATIONS = YES;
				CLANG_WARN_DIRECT_OBJC_ISA_USAGE = YES_ERROR;
				CLANG_WARN_DOCUMENTATION_COMMENTS = YES;
				CLANG_WARN_EMPTY_BODY = YES;
				CLANG_WARN_ENUM_CONVERSION = YES;
				CLANG_WARN_INFINITE_RECURSION = YES;
				CLANG_WARN_INT_CONVERSION = YES;
				CLANG_WARN_NON_LITERAL_NULL_CONVERSION = YES;
				CLANG_WARN_OBJC_IMPLICIT_RETAIN_SELF = YES;
				CLANG_WARN_OBJC_LITERAL_CONVERSION = YES;
				CLANG_WARN_OBJC_ROOT_CLASS = YES_ERROR;
				CLANG_WARN_RANGE_LOOP_ANALYSIS = YES;
				CLANG_WARN_STRICT_PROTOTYPES = YES;
				CLANG_WARN_SUSPICIOUS_MOVE = YES;
				CLANG_WARN_UNGUARDED_AVAILABILITY = YES_AGGRESSIVE;
				CLANG_WARN_UNREACHABLE_CODE = YES;
				CLANG_WARN__DUPLICATE_METHOD_MATCH = YES;
				COPY_PHASE_STRIP = NO;
				CURRENT_PROJECT_VERSION = 1;
				DEBUG_INFORMATION_FORMAT = dwarf;
				ENABLE_STRICT_OBJC_MSGSEND = YES;
				ENABLE_TESTABILITY = YES;
				GCC_C_LANGUAGE_STANDARD = gnu11;
				GCC_DYNAMIC_NO_PIC = NO;
				GCC_NO_COMMON_BLOCKS = YES;
				GCC_OPTIMIZATION_LEVEL = 0;
				GCC_PREPROCESSOR_DEFINITIONS = (
					"DEBUG=1",
					"$(inherited)",
				);
				GCC_WARN_64_TO_32_BIT_CONVERSION = YES;
				GCC_WARN_ABOUT_RETURN_TYPE = YES_ERROR;
				GCC_WARN_UNDECLARED_SELECTOR = YES;
				GCC_WARN_UNINITIALIZED_AUTOS = YES_AGGRESSIVE;
				GCC_WARN_UNUSED_FUNCTION = YES;
				GCC_WARN_UNUSED_VARIABLE = YES;
				IPHONEOS_DEPLOYMENT_TARGET = 12.0;
				MTL_ENABLE_DEBUG_INFO = INCLUDE_SOURCE;
				MTL_FAST_MATH = YES;
				ONLY_ACTIVE_ARCH = YES;
				SDKROOT = iphoneos;
				SWIFT_ACTIVE_COMPILATION_CONDITIONS = DEBUG;
				SWIFT_OPTIMIZATION_LEVEL = "-Onone";
				SWIFT_VERSION = "";
				VERSIONING_SYSTEM = "apple-generic";
				VERSION_INFO_PREFIX = "";
			};
			name = Debug;
		};
		6755A159233DF85E00FCD88E /* Release */ = {
			isa = XCBuildConfiguration;
			buildSettings = {
				ALWAYS_SEARCH_USER_PATHS = NO;
				CLANG_ANALYZER_NONNULL = YES;
				CLANG_ANALYZER_NUMBER_OBJECT_CONVERSION = YES_AGGRESSIVE;
				CLANG_CXX_LANGUAGE_STANDARD = "gnu++14";
				CLANG_CXX_LIBRARY = "libc++";
				CLANG_ENABLE_MODULES = YES;
				CLANG_ENABLE_OBJC_ARC = YES;
				CLANG_ENABLE_OBJC_WEAK = YES;
				CLANG_WARN_BLOCK_CAPTURE_AUTORELEASING = YES;
				CLANG_WARN_BOOL_CONVERSION = YES;
				CLANG_WARN_COMMA = YES;
				CLANG_WARN_CONSTANT_CONVERSION = YES;
				CLANG_WARN_DEPRECATED_OBJC_IMPLEMENTATIONS = YES;
				CLANG_WARN_DIRECT_OBJC_ISA_USAGE = YES_ERROR;
				CLANG_WARN_DOCUMENTATION_COMMENTS = YES;
				CLANG_WARN_EMPTY_BODY = YES;
				CLANG_WARN_ENUM_CONVERSION = YES;
				CLANG_WARN_INFINITE_RECURSION = YES;
				CLANG_WARN_INT_CONVERSION = YES;
				CLANG_WARN_NON_LITERAL_NULL_CONVERSION = YES;
				CLANG_WARN_OBJC_IMPLICIT_RETAIN_SELF = YES;
				CLANG_WARN_OBJC_LITERAL_CONVERSION = YES;
				CLANG_WARN_OBJC_ROOT_CLASS = YES_ERROR;
				CLANG_WARN_RANGE_LOOP_ANALYSIS = YES;
				CLANG_WARN_STRICT_PROTOTYPES = YES;
				CLANG_WARN_SUSPICIOUS_MOVE = YES;
				CLANG_WARN_UNGUARDED_AVAILABILITY = YES_AGGRESSIVE;
				CLANG_WARN_UNREACHABLE_CODE = YES;
				CLANG_WARN__DUPLICATE_METHOD_MATCH = YES;
				COPY_PHASE_STRIP = NO;
				CURRENT_PROJECT_VERSION = 1;
				DEBUG_INFORMATION_FORMAT = "dwarf-with-dsym";
				ENABLE_NS_ASSERTIONS = NO;
				ENABLE_STRICT_OBJC_MSGSEND = YES;
				GCC_C_LANGUAGE_STANDARD = gnu11;
				GCC_NO_COMMON_BLOCKS = YES;
				GCC_WARN_64_TO_32_BIT_CONVERSION = YES;
				GCC_WARN_ABOUT_RETURN_TYPE = YES_ERROR;
				GCC_WARN_UNDECLARED_SELECTOR = YES;
				GCC_WARN_UNINITIALIZED_AUTOS = YES_AGGRESSIVE;
				GCC_WARN_UNUSED_FUNCTION = YES;
				GCC_WARN_UNUSED_VARIABLE = YES;
				IPHONEOS_DEPLOYMENT_TARGET = 12.0;
				MTL_ENABLE_DEBUG_INFO = NO;
				MTL_FAST_MATH = YES;
				SDKROOT = iphoneos;
				SWIFT_COMPILATION_MODE = wholemodule;
				SWIFT_OPTIMIZATION_LEVEL = "-O";
				SWIFT_VERSION = "";
				VALIDATE_PRODUCT = YES;
				VERSIONING_SYSTEM = "apple-generic";
				VERSION_INFO_PREFIX = "";
			};
			name = Release;
		};
		6755A15B233DF85E00FCD88E /* Debug */ = {
			isa = XCBuildConfiguration;
			buildSettings = {
				CLANG_ENABLE_MODULES = YES;
				CODE_SIGN_STYLE = Automatic;
				DEFINES_MODULE = YES;
				DEVELOPMENT_TEAM = 32BLVFLE3J;
				DYLIB_COMPATIBILITY_VERSION = 1;
				DYLIB_CURRENT_VERSION = 1;
				DYLIB_INSTALL_NAME_BASE = "@rpath";
				INFOPLIST_FILE = OnekitWX_w3c/Info.plist;
				INSTALL_PATH = "$(LOCAL_LIBRARY_DIR)/Frameworks";
				LD_RUNPATH_SEARCH_PATHS = (
					"$(inherited)",
					"@executable_path/Frameworks",
					"@loader_path/Frameworks",
				);
				PRODUCT_BUNDLE_IDENTIFIER = "com.onekitwx.OnekitWX-w3c";
				PRODUCT_NAME = "$(TARGET_NAME:c99extidentifier)";
				SKIP_INSTALL = YES;
				SWIFT_OPTIMIZATION_LEVEL = "-Onone";
				SWIFT_VERSION = 4.2;
				TARGETED_DEVICE_FAMILY = "1,2";
			};
			name = Debug;
		};
		6755A15C233DF85E00FCD88E /* Release */ = {
			isa = XCBuildConfiguration;
			buildSettings = {
				CLANG_ENABLE_MODULES = YES;
				CODE_SIGN_STYLE = Automatic;
				DEFINES_MODULE = YES;
				DEVELOPMENT_TEAM = 32BLVFLE3J;
				DYLIB_COMPATIBILITY_VERSION = 1;
				DYLIB_CURRENT_VERSION = 1;
				DYLIB_INSTALL_NAME_BASE = "@rpath";
				INFOPLIST_FILE = OnekitWX_w3c/Info.plist;
				INSTALL_PATH = "$(LOCAL_LIBRARY_DIR)/Frameworks";
				LD_RUNPATH_SEARCH_PATHS = (
					"$(inherited)",
					"@executable_path/Frameworks",
					"@loader_path/Frameworks",
				);
				PRODUCT_BUNDLE_IDENTIFIER = "com.onekitwx.OnekitWX-w3c";
				PRODUCT_NAME = "$(TARGET_NAME:c99extidentifier)";
				SKIP_INSTALL = YES;
				SWIFT_VERSION = 4.2;
				TARGETED_DEVICE_FAMILY = "1,2";
			};
			name = Release;
		};
/* End XCBuildConfiguration section */

/* Begin XCConfigurationList section */
		6755A14C233DF85E00FCD88E /* Build configuration list for PBXProject "OnekitWX_w3c" */ = {
			isa = XCConfigurationList;
			buildConfigurations = (
				6755A158233DF85E00FCD88E /* Debug */,
				6755A159233DF85E00FCD88E /* Release */,
			);
			defaultConfigurationIsVisible = 0;
			defaultConfigurationName = Release;
		};
		6755A15A233DF85E00FCD88E /* Build configuration list for PBXNativeTarget "OnekitWX_w3c" */ = {
			isa = XCConfigurationList;
			buildConfigurations = (
				6755A15B233DF85E00FCD88E /* Debug */,
				6755A15C233DF85E00FCD88E /* Release */,
			);
			defaultConfigurationIsVisible = 0;
			defaultConfigurationName = Release;
		};
/* End XCConfigurationList section */
	};
	rootObject = 6755A149233DF85E00FCD88E /* Project object */;
}
